
Microsoft Visual Studio Solution File, Format Version 11.00
# Visual C# Express 2010
Project("{FAE04EC0-301F-11D3-BF4B-00C04F79EFBC}") = "Downstream", "Downstream\Downstream.csproj", "{8D6FE8A4-CF5A-472D-9649-9DE88692F081}"
EndProject
Project("{FAE04EC0-301F-11D3-BF4B-00C04F79EFBC}") = "DownDLL", "..\DownDLL\DownDLL\DownDLL.csproj", "{FF9991C6-4752-4718-A986-E3A71D7BEF67}"
EndProject
Global
	GlobalSection(SolutionConfigurationPlatforms) = preSolution
		Debug|Any CPU = Debug|Any CPU
		Debug|Mixed Platforms = Debug|Mixed Platforms
		Debug|x86 = Debug|x86
		Release|Any CPU = Release|Any CPU
		Release|Mixed Platforms = Release|Mixed Platforms
		Release|x86 = Release|x86
	EndGlobalSection
	GlobalSection(ProjectConfigurationPlatforms) = postSolution
		{8D6FE8A4-CF5A-472D-9649-9DE88692F081}.Debug|Any CPU.ActiveCfg = Debug|x86
		{8D6FE8A4-CF5A-472D-9649-9DE88692F081}.Debug|Mixed Platforms.ActiveCfg = Debug|x86
		{8D6FE8A4-CF5A-472D-9649-9DE88692F081}.Debug|Mixed Platforms.Build.0 = Debug|x86
		{8D6FE8A4-CF5A-472D-9649-9DE88692F081}.Debug|x86.ActiveCfg = Debug|x86
		{8D6FE8A4-CF5A-472D-9649-9DE88692F081}.Debug|x86.Build.0 = Debug|x86
		{8D6FE8A4-CF5A-472D-9649-9DE88692F081}.Release|Any CPU.ActiveCfg = Release|x86
		{8D6FE8A4-CF5A-472D-9649-9DE88692F081}.Release|Mixed Platforms.ActiveCfg = Release|x86
		{8D6FE8A4-CF5A-472D-9649-9DE88692F081}.Release|Mixed Platforms.Build.0 = Release|x86
		{8D6FE8A4-CF5A-472D-9649-9DE88692F081}.Release|x86.ActiveCfg = Release|x86
		{8D6FE8A4-CF5A-472D-9649-9DE88692F081}.Release|x86.Build.0 = Release|x86
		{FF9991C6-4752-4718-A986-E3A71D7BEF67}.Debug|Any CPU.ActiveCfg = Debug|Any CPU
		{FF9991C6-4752-4718-A986-E3A71D7BEF67}.Debug|Any CPU.Build.0 = Debug|Any CPU
		{FF9991C6-4752-4718-A986-E3A71D7BEF67}.Debug|Mixed Platforms.ActiveCfg = Debug|Any CPU
		{FF9991C6-4752-4718-A986-E3A71D7BEF67}.Debug|Mixed Platforms.Build.0 = Debug|Any CPU
		{FF9991C6-4752-4718-A986-E3A71D7BEF67}.Debug|x86.ActiveCfg = Debug|Any CPU
		{FF9991C6-4752-4718-A986-E3A71D7BEF67}.Release|Any CPU.ActiveCfg = Release|Any CPU
		{FF9991C6-4752-4718-A986-E3A71D7BEF67}.Release|Any CPU.Build.0 = Release|Any CPU
		{FF9991C6-4752-4718-A986-E3A71D7BEF67}.Release|Mixed Platforms.ActiveCfg = Release|Any CPU
		{FF9991C6-4752-4718-A986-E3A71D7BEF67}.Release|Mixed Platforms.Build.0 = Release|Any CPU
		{FF9991C6-4752-4718-A986-E3A71D7BEF67}.Release|x86.ActiveCfg = Release|Any CPU
	EndGlobalSection
	GlobalSection(SolutionProperties) = preSolution
		HideSolutionNode = FALSE
	EndGlobalSection
EndGlobal
